
Microsoft Visual Studio Solution File, Format Version 12.00
# Visual Studio Version 17
VisualStudioVersion = 17.0.32112.339
MinimumVisualStudioVersion = 10.0.40219.1
Project("{9A19103F-16F7-4668-BE54-9A1E7A4F7556}") = "ImageViewer", "ImageView\ImageViewer.csproj", "{B76D1F28-DE2C-4045-B271-41F5F9D5E5EC}"
EndProject
Project("{9A19103F-16F7-4668-BE54-9A1E7A4F7556}") = "ImageView.UnitTests", "ImageView.UnitTests\ImageView.UnitTests.csproj", "{FF67C2DB-60F9-4941-B037-7B469526B540}"
EndProject
Project("{9A19103F-16F7-4668-BE54-9A1E7A4F7556}") = "GenerateRandomData", "GenerateRandomData\GenerateRandomData.csproj", "{1ED7FE6E-9B5D-408D-AF95-FC7AFEC631B8}"
EndProject
Project("{2150E333-8FDC-42A3-9474-1A3956D46DE8}") = "Solution Items", "Solution Items", "{2E987546-6FF7-4F72-A1E4-46534CFB899C}"
	ProjectSection(SolutionItems) = preProject
		Resources.Designer.t4 = Resources.Designer.t4
	EndProjectSection
EndProject
Global
	GlobalSection(SolutionConfigurationPlatforms) = preSolution
		Debug|Any CPU = Debug|Any CPU
		Debug|x64 = Debug|x64
		Debug|x86 = Debug|x86
		Release|Any CPU = Release|Any CPU
		Release|x64 = Release|x64
		Release|x86 = Release|x86
	EndGlobalSection
	GlobalSection(ProjectConfigurationPlatforms) = postSolution
		{B76D1F28-DE2C-4045-B271-41F5F9D5E5EC}.Debug|Any CPU.ActiveCfg = Debug|Any CPU
		{B76D1F28-DE2C-4045-B271-41F5F9D5E5EC}.Debug|Any CPU.Build.0 = Debug|Any CPU
		{B76D1F28-DE2C-4045-B271-41F5F9D5E5EC}.Debug|x64.ActiveCfg = Debug|x64
		{B76D1F28-DE2C-4045-B271-41F5F9D5E5EC}.Debug|x64.Build.0 = Debug|x64
		{B76D1F28-DE2C-4045-B271-41F5F9D5E5EC}.Debug|x86.ActiveCfg = Debug|Any CPU
		{B76D1F28-DE2C-4045-B271-41F5F9D5E5EC}.Debug|x86.Build.0 = Debug|Any CPU
		{B76D1F28-DE2C-4045-B271-41F5F9D5E5EC}.Release|Any CPU.ActiveCfg = Release|x64
		{B76D1F28-DE2C-4045-B271-41F5F9D5E5EC}.Release|Any CPU.Build.0 = Release|x64
		{B76D1F28-DE2C-4045-B271-41F5F9D5E5EC}.Release|x64.ActiveCfg = Release|x64
		{B76D1F28-DE2C-4045-B271-41F5F9D5E5EC}.Release|x64.Build.0 = Release|x64
		{B76D1F28-DE2C-4045-B271-41F5F9D5E5EC}.Release|x86.ActiveCfg = Release|Any CPU
		{B76D1F28-DE2C-4045-B271-41F5F9D5E5EC}.Release|x86.Build.0 = Release|Any CPU
		{FF67C2DB-60F9-4941-B037-7B469526B540}.Debug|Any CPU.ActiveCfg = Debug|Any CPU
		{FF67C2DB-60F9-4941-B037-7B469526B540}.Debug|Any CPU.Build.0 = Debug|Any CPU
		{FF67C2DB-60F9-4941-B037-7B469526B540}.Debug|x64.ActiveCfg = Debug|x64
		{FF67C2DB-60F9-4941-B037-7B469526B540}.Debug|x64.Build.0 = Debug|x64
		{FF67C2DB-60F9-4941-B037-7B469526B540}.Debug|x86.ActiveCfg = Debug|x86
		{FF67C2DB-60F9-4941-B037-7B469526B540}.Debug|x86.Build.0 = Debug|x86
		{FF67C2DB-60F9-4941-B037-7B469526B540}.Release|Any CPU.ActiveCfg = Release|Any CPU
		{FF67C2DB-60F9-4941-B037-7B469526B540}.Release|Any CPU.Build.0 = Release|Any CPU
		{FF67C2DB-60F9-4941-B037-7B469526B540}.Release|x64.ActiveCfg = Release|x64
		{FF67C2DB-60F9-4941-B037-7B469526B540}.Release|x86.ActiveCfg = Release|x86
		{FF67C2DB-60F9-4941-B037-7B469526B540}.Release|x86.Build.0 = Release|x86
		{1ED7FE6E-9B5D-408D-AF95-FC7AFEC631B8}.Debug|Any CPU.ActiveCfg = Debug|Any CPU
		{1ED7FE6E-9B5D-408D-AF95-FC7AFEC631B8}.Debug|Any CPU.Build.0 = Debug|Any CPU
		{1ED7FE6E-9B5D-408D-AF95-FC7AFEC631B8}.Debug|x64.ActiveCfg = Debug|Any CPU
		{1ED7FE6E-9B5D-408D-AF95-FC7AFEC631B8}.Debug|x64.Build.0 = Debug|Any CPU
		{1ED7FE6E-9B5D-408D-AF95-FC7AFEC631B8}.Debug|x86.ActiveCfg = Debug|Any CPU
		{1ED7FE6E-9B5D-408D-AF95-FC7AFEC631B8}.Debug|x86.Build.0 = Debug|Any CPU
		{1ED7FE6E-9B5D-408D-AF95-FC7AFEC631B8}.Release|Any CPU.ActiveCfg = Release|Any CPU
		{1ED7FE6E-9B5D-408D-AF95-FC7AFEC631B8}.Release|Any CPU.Build.0 = Release|Any CPU
		{1ED7FE6E-9B5D-408D-AF95-FC7AFEC631B8}.Release|x64.ActiveCfg = Release|x64
		{1ED7FE6E-9B5D-408D-AF95-FC7AFEC631B8}.Release|x86.ActiveCfg = Release|Any CPU
		{1ED7FE6E-9B5D-408D-AF95-FC7AFEC631B8}.Release|x86.Build.0 = Release|Any CPU
	EndGlobalSection
	GlobalSection(SolutionProperties) = preSolution
		HideSolutionNode = FALSE
	EndGlobalSection
	GlobalSection(ExtensibilityGlobals) = postSolution
		RESX_PrefixTranslations = False
		SolutionGuid = {C1050C07-F19D-4F48-8609-E7DBCF31FDE7}
	EndGlobalSection
EndGlobal
